
Microsoft Visual Studio Solution File, Format Version 12.00
# Visual Studio 2013
VisualStudioVersion = 12.0.31101.0
MinimumVisualStudioVersion = 10.0.40219.1
Project("{FAE04EC0-301F-11D3-BF4B-00C04F79EFBC}") = "CollectW", "collectw\CollectW.csproj", "{4179A391-B613-45D3-B399-9F94E4FAE422}"
EndProject
Project("{FAE04EC0-301F-11D3-BF4B-00C04F79EFBC}") = "CollectW.Console", "CollectW.Console\CollectW.Console.csproj", "{AC8CBAF9-CD10-4A09-A94B-2C27EB1ADB24}"
EndProject
Global
	GlobalSection(SolutionConfigurationPlatforms) = preSolution
		Debug|Any CPU = Debug|Any CPU
		Release|Any CPU = Release|Any CPU
	EndGlobalSection
	GlobalSection(ProjectConfigurationPlatforms) = postSolution
		{4179A391-B613-45D3-B399-9F94E4FAE422}.Debug|Any CPU.ActiveCfg = Debug|Any CPU
		{4179A391-B613-45D3-B399-9F94E4FAE422}.Debug|Any CPU.Build.0 = Debug|Any CPU
		{4179A391-B613-45D3-B399-9F94E4FAE422}.Release|Any CPU.ActiveCfg = Release|Any CPU
		{4179A391-B613-45D3-B399-9F94E4FAE422}.Release|Any CPU.Build.0 = Release|Any CPU
		{AC8CBAF9-CD10-4A09-A94B-2C27EB1ADB24}.Debug|Any CPU.ActiveCfg = Debug|Any CPU
		{AC8CBAF9-CD10-4A09-A94B-2C27EB1ADB24}.Debug|Any CPU.Build.0 = Debug|Any CPU
		{AC8CBAF9-CD10-4A09-A94B-2C27EB1ADB24}.Release|Any CPU.ActiveCfg = Release|Any CPU
		{AC8CBAF9-CD10-4A09-A94B-2C27EB1ADB24}.Release|Any CPU.Build.0 = Release|Any CPU
	EndGlobalSection
	GlobalSection(SolutionProperties) = preSolution
		HideSolutionNode = FALSE
	EndGlobalSection
EndGlobal
