
Microsoft Visual Studio Solution File, Format Version 12.00
# Visual Studio 2013
VisualStudioVersion = 12.0.31101.0
MinimumVisualStudioVersion = 10.0.40219.1
Project("{FAE04EC0-301F-11D3-BF4B-00C04F79EFBC}") = "CollectW", "collectw\CollectW.csproj", "{4179A391-B613-45D3-B399-9F94E4FAE422}"
EndProject
Project("{FAE04EC0-301F-11D3-BF4B-00C04F79EFBC}") = "CollectW.Console", "CollectW.Console\CollectW.Console.csproj", "{AC8CBAF9-CD10-4A09-A94B-2C27EB1ADB24}"
EndProject
Project("{FAE04EC0-301F-11D3-BF4B-00C04F79EFBC}") = "CollectW.Tests", "CollectW.Tests\CollectW.Tests.csproj", "{410E7FB7-8CFB-4C4B-83E0-35D62F56108F}"
	ProjectSection(ProjectDependencies) = postProject
		{198A3C7A-5EB3-46FF-A072-2EC7ADDA3D2A} = {198A3C7A-5EB3-46FF-A072-2EC7ADDA3D2A}
		{A585EECB-5169-45ED-9565-BB2403BBA2E2} = {A585EECB-5169-45ED-9565-BB2403BBA2E2}
	EndProjectSection
EndProject
Project("{FAE04EC0-301F-11D3-BF4B-00C04F79EFBC}") = "CollectW.FakeSink", "CollectW.FakeSink\CollectW.FakeSink.csproj", "{A585EECB-5169-45ED-9565-BB2403BBA2E2}"
EndProject
Project("{FAE04EC0-301F-11D3-BF4B-00C04F79EFBC}") = "CollectW.FakeSupplier", "CollectW.FakeSupplier\CollectW.FakeSupplier.csproj", "{198A3C7A-5EB3-46FF-A072-2EC7ADDA3D2A}"
EndProject
Project("{FAE04EC0-301F-11D3-BF4B-00C04F79EFBC}") = "CollectW.Service", "CollectW.Service\CollectW.Service.csproj", "{8132D867-8DF5-424F-9066-58DEB487D917}"
EndProject
Project("{2150E333-8FDC-42A3-9474-1A3956D46DE8}") = "Docs", "Docs", "{B4179168-5735-43DF-9A0F-5145D8006E8C}"
	ProjectSection(SolutionItems) = preProject
		..\README.md = ..\README.md
	EndProjectSection
EndProject
Project("{2150E333-8FDC-42A3-9474-1A3956D46DE8}") = ".nuget", ".nuget", "{E647794A-A7A4-4DCD-A08D-ED17879656CB}"
EndProject
Project("{2150E333-8FDC-42A3-9474-1A3956D46DE8}") = "Build", "Build", "{BEB0706D-131B-4012-BCAC-8D9C046F7AB0}"
EndProject
Project("{2150E333-8FDC-42A3-9474-1A3956D46DE8}") = "chocolatey", "chocolatey", "{742E08A5-C9F6-417C-BAC9-220B1EC6AA65}"
	ProjectSection(SolutionItems) = preProject
		..\build\chocolatey\collectw.service.nuspec = ..\build\chocolatey\collectw.service.nuspec
	EndProjectSection
EndProject
Project("{2150E333-8FDC-42A3-9474-1A3956D46DE8}") = "tools", "tools", "{D1C6F80D-6821-4E5B-9BC2-5B91A0A21568}"
	ProjectSection(SolutionItems) = preProject
		..\build\chocolatey\tools\chocolateyinstall.ps1 = ..\build\chocolatey\tools\chocolateyinstall.ps1
		..\build\chocolatey\tools\chocolateyuninstall.ps1 = ..\build\chocolatey\tools\chocolateyuninstall.ps1
		..\build\chocolatey\tools\config.json = ..\build\chocolatey\tools\config.json
		Install-Service.ps1 = Install-Service.ps1
	EndProjectSection
EndProject
Project("{2150E333-8FDC-42A3-9474-1A3956D46DE8}") = "nuget", "nuget", "{88DCAE2F-7231-42E0-B82D-29A0E05E1C30}"
	ProjectSection(SolutionItems) = preProject
		..\build\nuget\collectw.nuspec = ..\build\nuget\collectw.nuspec
	EndProjectSection
EndProject
Global
	GlobalSection(SolutionConfigurationPlatforms) = preSolution
		Debug|Any CPU = Debug|Any CPU
		Release|Any CPU = Release|Any CPU
	EndGlobalSection
	GlobalSection(ProjectConfigurationPlatforms) = postSolution
		{4179A391-B613-45D3-B399-9F94E4FAE422}.Debug|Any CPU.ActiveCfg = Debug|Any CPU
		{4179A391-B613-45D3-B399-9F94E4FAE422}.Debug|Any CPU.Build.0 = Debug|Any CPU
		{4179A391-B613-45D3-B399-9F94E4FAE422}.Release|Any CPU.ActiveCfg = Release|Any CPU
		{4179A391-B613-45D3-B399-9F94E4FAE422}.Release|Any CPU.Build.0 = Release|Any CPU
		{AC8CBAF9-CD10-4A09-A94B-2C27EB1ADB24}.Debug|Any CPU.ActiveCfg = Debug|Any CPU
		{AC8CBAF9-CD10-4A09-A94B-2C27EB1ADB24}.Debug|Any CPU.Build.0 = Debug|Any CPU
		{AC8CBAF9-CD10-4A09-A94B-2C27EB1ADB24}.Release|Any CPU.ActiveCfg = Release|Any CPU
		{AC8CBAF9-CD10-4A09-A94B-2C27EB1ADB24}.Release|Any CPU.Build.0 = Release|Any CPU
		{410E7FB7-8CFB-4C4B-83E0-35D62F56108F}.Debug|Any CPU.ActiveCfg = Debug|Any CPU
		{410E7FB7-8CFB-4C4B-83E0-35D62F56108F}.Debug|Any CPU.Build.0 = Debug|Any CPU
		{410E7FB7-8CFB-4C4B-83E0-35D62F56108F}.Release|Any CPU.ActiveCfg = Release|Any CPU
		{410E7FB7-8CFB-4C4B-83E0-35D62F56108F}.Release|Any CPU.Build.0 = Release|Any CPU
		{A585EECB-5169-45ED-9565-BB2403BBA2E2}.Debug|Any CPU.ActiveCfg = Debug|Any CPU
		{A585EECB-5169-45ED-9565-BB2403BBA2E2}.Debug|Any CPU.Build.0 = Debug|Any CPU
		{A585EECB-5169-45ED-9565-BB2403BBA2E2}.Release|Any CPU.ActiveCfg = Release|Any CPU
		{A585EECB-5169-45ED-9565-BB2403BBA2E2}.Release|Any CPU.Build.0 = Release|Any CPU
		{198A3C7A-5EB3-46FF-A072-2EC7ADDA3D2A}.Debug|Any CPU.ActiveCfg = Debug|Any CPU
		{198A3C7A-5EB3-46FF-A072-2EC7ADDA3D2A}.Debug|Any CPU.Build.0 = Debug|Any CPU
		{198A3C7A-5EB3-46FF-A072-2EC7ADDA3D2A}.Release|Any CPU.ActiveCfg = Release|Any CPU
		{198A3C7A-5EB3-46FF-A072-2EC7ADDA3D2A}.Release|Any CPU.Build.0 = Release|Any CPU
		{8132D867-8DF5-424F-9066-58DEB487D917}.Debug|Any CPU.ActiveCfg = Debug|Any CPU
		{8132D867-8DF5-424F-9066-58DEB487D917}.Debug|Any CPU.Build.0 = Debug|Any CPU
		{8132D867-8DF5-424F-9066-58DEB487D917}.Release|Any CPU.ActiveCfg = Release|Any CPU
		{8132D867-8DF5-424F-9066-58DEB487D917}.Release|Any CPU.Build.0 = Release|Any CPU
	EndGlobalSection
	GlobalSection(SolutionProperties) = preSolution
		HideSolutionNode = FALSE
	EndGlobalSection
	GlobalSection(NestedProjects) = preSolution
		{742E08A5-C9F6-417C-BAC9-220B1EC6AA65} = {BEB0706D-131B-4012-BCAC-8D9C046F7AB0}
		{D1C6F80D-6821-4E5B-9BC2-5B91A0A21568} = {742E08A5-C9F6-417C-BAC9-220B1EC6AA65}
		{88DCAE2F-7231-42E0-B82D-29A0E05E1C30} = {BEB0706D-131B-4012-BCAC-8D9C046F7AB0}
	EndGlobalSection
EndGlobal
